// !$*UTF8*$!
{
	archiveVersion = 1;
	classes = {
	};
	objectVersion = 56;
	objects = {

/* Begin PBXBuildFile section */
		4513D5312B84579C00C67976 /* nike_appApp.swift in Sources */ = {isa = PBXBuildFile; fileRef = 4513D5302B84579C00C67976 /* nike_appApp.swift */; };
		4513D5332B84579C00C67976 /* ContentView.swift in Sources */ = {isa = PBXBuildFile; fileRef = 4513D5322B84579C00C67976 /* ContentView.swift */; };
		4513D5352B84579D00C67976 /* Assets.xcassets in Resources */ = {isa = PBXBuildFile; fileRef = 4513D5342B84579D00C67976 /* Assets.xcassets */; };
		4513D5382B84579D00C67976 /* Preview Assets.xcassets in Resources */ = {isa = PBXBuildFile; fileRef = 4513D5372B84579D00C67976 /* Preview Assets.xcassets */; };
		4513D5422B84579D00C67976 /* nike_appTests.swift in Sources */ = {isa = PBXBuildFile; fileRef = 4513D5412B84579D00C67976 /* nike_appTests.swift */; };
		4513D54C2B84579D00C67976 /* nike_appUITests.swift in Sources */ = {isa = PBXBuildFile; fileRef = 4513D54B2B84579D00C67976 /* nike_appUITests.swift */; };
		4513D54E2B84579D00C67976 /* nike_appUITestsLaunchTests.swift in Sources */ = {isa = PBXBuildFile; fileRef = 4513D54D2B84579D00C67976 /* nike_appUITestsLaunchTests.swift */; };
/* End PBXBuildFile section */

/* Begin PBXContainerItemProxy section */
		4513D53E2B84579D00C67976 /* PBXContainerItemProxy */ = {
			isa = PBXContainerItemProxy;
			containerPortal = 4513D5252B84579C00C67976 /* Project object */;
			proxyType = 1;
			remoteGlobalIDString = 4513D52C2B84579C00C67976;
			remoteInfo = nike_app;
		};
		4513D5482B84579D00C67976 /* PBXContainerItemProxy */ = {
			isa = PBXContainerItemProxy;
			containerPortal = 4513D5252B84579C00C67976 /* Project object */;
			proxyType = 1;
			remoteGlobalIDString = 4513D52C2B84579C00C67976;
			remoteInfo = nike_app;
		};
/* End PBXContainerItemProxy section */

/* Begin PBXFileReference section */
		4513D52D2B84579C00C67976 /* nike_app.app */ = {isa = PBXFileReference; explicitFileType = wrapper.application; includeInIndex = 0; path = nike_app.app; sourceTree = BUILT_PRODUCTS_DIR; };
		4513D5302B84579C00C67976 /* nike_appApp.swift */ = {isa = PBXFileReference; lastKnownFileType = sourcecode.swift; path = nike_appApp.swift; sourceTree = "<group>"; };
		4513D5322B84579C00C67976 /* ContentView.swift */ = {isa = PBXFileReference; lastKnownFileType = sourcecode.swift; path = ContentView.swift; sourceTree = "<group>"; };
		4513D5342B84579D00C67976 /* Assets.xcassets */ = {isa = PBXFileReference; lastKnownFileType = folder.assetcatalog; path = Assets.xcassets; sourceTree = "<group>"; };
		4513D5372B84579D00C67976 /* Preview Assets.xcassets */ = {isa = PBXFileReference; lastKnownFileType = folder.assetcatalog; path = "Preview Assets.xcassets"; sourceTree = "<group>"; };
		4513D53D2B84579D00C67976 /* nike_appTests.xctest */ = {isa = PBXFileReference; explicitFileType = wrapper.cfbundle; includeInIndex = 0; path = nike_appTests.xctest; sourceTree = BUILT_PRODUCTS_DIR; };
		4513D5412B84579D00C67976 /* nike_appTests.swift */ = {isa = PBXFileReference; lastKnownFileType = sourcecode.swift; path = nike_appTests.swift; sourceTree = "<group>"; };
		4513D5472B84579D00C67976 /* nike_appUITests.xctest */ = {isa = PBXFileReference; explicitFileType = wrapper.cfbundle; includeInIndex = 0; path = nike_appUITests.xctest; sourceTree = BUILT_PRODUCTS_DIR; };
		4513D54B2B84579D00C67976 /* nike_appUITests.swift */ = {isa = PBXFileReference; lastKnownFileType = sourcecode.swift; path = nike_appUITests.swift; sourceTree = "<group>"; };
		4513D54D2B84579D00C67976 /* nike_appUITestsLaunchTests.swift */ = {isa = PBXFileReference; lastKnownFileType = sourcecode.swift; path = nike_appUITestsLaunchTests.swift; sourceTree = "<group>"; };
/* End PBXFileReference section */

/* Begin PBXFrameworksBuildPhase section */
		4513D52A2B84579C00C67976 /* Frameworks */ = {
			isa = PBXFrameworksBuildPhase;
			buildActionMask = 2147483647;
			files = (
			);
			runOnlyForDeploymentPostprocessing = 0;
		};
		4513D53A2B84579D00C67976 /* Frameworks */ = {
			isa = PBXFrameworksBuildPhase;
			buildActionMask = 2147483647;
			files = (
			);
			runOnlyForDeploymentPostprocessing = 0;
		};
		4513D5442B84579D00C67976 /* Frameworks */ = {
			isa = PBXFrameworksBuildPhase;
			buildActionMask = 2147483647;
			files = (
			);
			runOnlyForDeploymentPostprocessing = 0;
		};
/* End PBXFrameworksBuildPhase section */

/* Begin PBXGroup section */
		4513D5242B84579C00C67976 = {
			isa = PBXGroup;
			children = (
				4513D52F2B84579C00C67976 /* nike_app */,
				4513D5402B84579D00C67976 /* nike_appTests */,
				4513D54A2B84579D00C67976 /* nike_appUITests */,
				4513D52E2B84579C00C67976 /* Products */,
			);
			sourceTree = "<group>";
		};
		4513D52E2B84579C00C67976 /* Products */ = {
			isa = PBXGroup;
			children = (
				4513D52D2B84579C00C67976 /* nike_app.app */,
				4513D53D2B84579D00C67976 /* nike_appTests.xctest */,
				4513D5472B84579D00C67976 /* nike_appUITests.xctest */,
			);
			name = Products;
			sourceTree = "<group>";
		};
		4513D52F2B84579C00C67976 /* nike_app */ = {
			isa = PBXGroup;
			children = (
				4513D5302B84579C00C67976 /* nike_appApp.swift */,
				4513D5322B84579C00C67976 /* ContentView.swift */,
				4513D5342B84579D00C67976 /* Assets.xcassets */,
				4513D5362B84579D00C67976 /* Preview Content */,
			);
			path = nike_app;
			sourceTree = "<group>";
		};
		4513D5362B84579D00C67976 /* Preview Content */ = {
			isa = PBXGroup;
			children = (
				4513D5372B84579D00C67976 /* Preview Assets.xcassets */,
			);
			path = "Preview Content";
			sourceTree = "<group>";
		};
		4513D5402B84579D00C67976 /* nike_appTests */ = {
			isa = PBXGroup;
			children = (
				4513D5412B84579D00C67976 /* nike_appTests.swift */,
			);
			path = nike_appTests;
			sourceTree = "<group>";
		};
		4513D54A2B84579D00C67976 /* nike_appUITests */ = {
			isa = PBXGroup;
			children = (
				4513D54B2B84579D00C67976 /* nike_appUITests.swift */,
				4513D54D2B84579D00C67976 /* nike_appUITestsLaunchTests.swift */,
			);
			path = nike_appUITests;
			sourceTree = "<group>";
		};
/* End PBXGroup section */

/* Begin PBXNativeTarget section */
		4513D52C2B84579C00C67976 /* nike_app */ = {
			isa = PBXNativeTarget;
			buildConfigurationList = 4513D5512B84579D00C67976 /* Build configuration list for PBXNativeTarget "nike_app" */;
			buildPhases = (
				4513D5292B84579C00C67976 /* Sources */,
				4513D52A2B84579C00C67976 /* Frameworks */,
				4513D52B2B84579C00C67976 /* Resources */,
			);
			buildRules = (
			);
			dependencies = (
			);
			name = nike_app;
			productName = nike_app;
			productReference = 4513D52D2B84579C00C67976 /* nike_app.app */;
			productType = "com.apple.product-type.application";
		};
		4513D53C2B84579D00C67976 /* nike_appTests */ = {
			isa = PBXNativeTarget;
			buildConfigurationList = 4513D5542B84579D00C67976 /* Build configuration list for PBXNativeTarget "nike_appTests" */;
			buildPhases = (
				4513D5392B84579D00C67976 /* Sources */,
				4513D53A2B84579D00C67976 /* Frameworks */,
				4513D53B2B84579D00C67976 /* Resources */,
			);
			buildRules = (
			);
			dependencies = (
				4513D53F2B84579D00C67976 /* PBXTargetDependency */,
			);
			name = nike_appTests;
			productName = nike_appTests;
			productReference = 4513D53D2B84579D00C67976 /* nike_appTests.xctest */;
			productType = "com.apple.product-type.bundle.unit-test";
		};
		4513D5462B84579D00C67976 /* nike_appUITests */ = {
			isa = PBXNativeTarget;
			buildConfigurationList = 4513D5572B84579D00C67976 /* Build configuration list for PBXNativeTarget "nike_appUITests" */;
			buildPhases = (
				4513D5432B84579D00C67976 /* Sources */,
				4513D5442B84579D00C67976 /* Frameworks */,
				4513D5452B84579D00C67976 /* Resources */,
			);
			buildRules = (
			);
			dependencies = (
				4513D5492B84579D00C67976 /* PBXTargetDependency */,
			);
			name = nike_appUITests;
			productName = nike_appUITests;
			productReference = 4513D5472B84579D00C67976 /* nike_appUITests.xctest */;
			productType = "com.apple.product-type.bundle.ui-testing";
		};
/* End PBXNativeTarget section */

/* Begin PBXProject section */
		4513D5252B84579C00C67976 /* Project object */ = {
			isa = PBXProject;
			attributes = {
				BuildIndependentTargetsInParallel = 1;
				LastSwiftUpdateCheck = 1520;
				LastUpgradeCheck = 1520;
				TargetAttributes = {
					4513D52C2B84579C00C67976 = {
						CreatedOnToolsVersion = 15.2;
					};
					4513D53C2B84579D00C67976 = {
						CreatedOnToolsVersion = 15.2;
						TestTargetID = 4513D52C2B84579C00C67976;
					};
					4513D5462B84579D00C67976 = {
						CreatedOnToolsVersion = 15.2;
						TestTargetID = 4513D52C2B84579C00C67976;
					};
				};
			};
			buildConfigurationList = 4513D5282B84579C00C67976 /* Build configuration list for PBXProject "nike_app" */;
			compatibilityVersion = "Xcode 14.0";
			developmentRegion = en;
			hasScannedForEncodings = 0;
			knownRegions = (
				en,
				Base,
			);
			mainGroup = 4513D5242B84579C00C67976;
			productRefGroup = 4513D52E2B84579C00C67976 /* Products */;
			projectDirPath = "";
			projectRoot = "";
			targets = (
				4513D52C2B84579C00C67976 /* nike_app */,
				4513D53C2B84579D00C67976 /* nike_appTests */,
				4513D5462B84579D00C67976 /* nike_appUITests */,
			);
		};
/* End PBXProject section */

/* Begin PBXResourcesBuildPhase section */
		4513D52B2B84579C00C67976 /* Resources */ = {
			isa = PBXResourcesBuildPhase;
			buildActionMask = 2147483647;
			files = (
				4513D5382B84579D00C67976 /* Preview Assets.xcassets in Resources */,
				4513D5352B84579D00C67976 /* Assets.xcassets in Resources */,
			);
			runOnlyForDeploymentPostprocessing = 0;
		};
		4513D53B2B84579D00C67976 /* Resources */ = {
			isa = PBXResourcesBuildPhase;
			buildActionMask = 2147483647;
			files = (
			);
			runOnlyForDeploymentPostprocessing = 0;
		};
		4513D5452B84579D00C67976 /* Resources */ = {
			isa = PBXResourcesBuildPhase;
			buildActionMask = 2147483647;
			files = (
			);
			runOnlyForDeploymentPostprocessing = 0;
		};
/* End PBXResourcesBuildPhase section */

/* Begin PBXSourcesBuildPhase section */
		4513D5292B84579C00C67976 /* Sources */ = {
			isa = PBXSourcesBuildPhase;
			buildActionMask = 2147483647;
			files = (
				4513D5332B84579C00C67976 /* ContentView.swift in Sources */,
				4513D5312B84579C00C67976 /* nike_appApp.swift in Sources */,
			);
			runOnlyForDeploymentPostprocessing = 0;
		};
		4513D5392B84579D00C67976 /* Sources */ = {
			isa = PBXSourcesBuildPhase;
			buildActionMask = 2147483647;
			files = (
				4513D5422B84579D00C67976 /* nike_appTests.swift in Sources */,
			);
			runOnlyForDeploymentPostprocessing = 0;
		};
		4513D5432B84579D00C67976 /* Sources */ = {
			isa = PBXSourcesBuildPhase;
			buildActionMask = 2147483647;
			files = (
				4513D54E2B84579D00C67976 /* nike_appUITestsLaunchTests.swift in Sources */,
				4513D54C2B84579D00C67976 /* nike_appUITests.swift in Sources */,
			);
			runOnlyForDeploymentPostprocessing = 0;
		};
/* End PBXSourcesBuildPhase section */

/* Begin PBXTargetDependency section */
		4513D53F2B84579D00C67976 /* PBXTargetDependency */ = {
			isa = PBXTargetDependency;
			target = 4513D52C2B84579C00C67976 /* nike_app */;
			targetProxy = 4513D53E2B84579D00C67976 /* PBXContainerItemProxy */;
		};
		4513D5492B84579D00C67976 /* PBXTargetDependency */ = {
			isa = PBXTargetDependency;
			target = 4513D52C2B84579C00C67976 /* nike_app */;
			targetProxy = 4513D5482B84579D00C67976 /* PBXContainerItemProxy */;
		};
/* End PBXTargetDependency section */

/* Begin XCBuildConfiguration section */
		4513D54F2B84579D00C67976 /* Debug */ = {
			isa = XCBuildConfiguration;
			buildSettings = {
				ALWAYS_SEARCH_USER_PATHS = NO;
				ASSETCATALOG_COMPILER_GENERATE_SWIFT_ASSET_SYMBOL_EXTENSIONS = YES;
				CLANG_ANALYZER_NONNULL = YES;
				CLANG_ANALYZER_NUMBER_OBJECT_CONVERSION = YES_AGGRESSIVE;
				CLANG_CXX_LANGUAGE_STANDARD = "gnu++20";
				CLANG_ENABLE_MODULES = YES;
				CLANG_ENABLE_OBJC_ARC = YES;
				CLANG_ENABLE_OBJC_WEAK = YES;
				CLANG_WARN_BLOCK_CAPTURE_AUTORELEASING = YES;
				CLANG_WARN_BOOL_CONVERSION = YES;
				CLANG_WARN_COMMA = YES;
				CLANG_WARN_CONSTANT_CONVERSION = YES;
				CLANG_WARN_DEPRECATED_OBJC_IMPLEMENTATIONS = YES;
				CLANG_WARN_DIRECT_OBJC_ISA_USAGE = YES_ERROR;
				CLANG_WARN_DOCUMENTATION_COMMENTS = YES;
				CLANG_WARN_EMPTY_BODY = YES;
				CLANG_WARN_ENUM_CONVERSION = YES;
				CLANG_WARN_INFINITE_RECURSION = YES;
				CLANG_WARN_INT_CONVERSION = YES;
				CLANG_WARN_NON_LITERAL_NULL_CONVERSION = YES;
				CLANG_WARN_OBJC_IMPLICIT_RETAIN_SELF = YES;
				CLANG_WARN_OBJC_LITERAL_CONVERSION = YES;
				CLANG_WARN_OBJC_ROOT_CLASS = YES_ERROR;
				CLANG_WARN_QUOTED_INCLUDE_IN_FRAMEWORK_HEADER = YES;
				CLANG_WARN_RANGE_LOOP_ANALYSIS = YES;
				CLANG_WARN_STRICT_PROTOTYPES = YES;
				CLANG_WARN_SUSPICIOUS_MOVE = YES;
				CLANG_WARN_UNGUARDED_AVAILABILITY = YES_AGGRESSIVE;
				CLANG_WARN_UNREACHABLE_CODE = YES;
				CLANG_WARN__DUPLICATE_METHOD_MATCH = YES;
				COPY_PHASE_STRIP = NO;
				DEBUG_INFORMATION_FORMAT = dwarf;
				ENABLE_STRICT_OBJC_MSGSEND = YES;
				ENABLE_TESTABILITY = YES;
				ENABLE_USER_SCRIPT_SANDBOXING = YES;
				GCC_C_LANGUAGE_STANDARD = gnu17;
				GCC_DYNAMIC_NO_PIC = NO;
				GCC_NO_COMMON_BLOCKS = YES;
				GCC_OPTIMIZATION_LEVEL = 0;
				GCC_PREPROCESSOR_DEFINITIONS = (
					"DEBUG=1",
					"$(inherited)",
				);
				GCC_WARN_64_TO_32_BIT_CONVERSION = YES;
				GCC_WARN_ABOUT_RETURN_TYPE = YES_ERROR;
				GCC_WARN_UNDECLARED_SELECTOR = YES;
				GCC_WARN_UNINITIALIZED_AUTOS = YES_AGGRESSIVE;
				GCC_WARN_UNUSED_FUNCTION = YES;
				GCC_WARN_UNUSED_VARIABLE = YES;
				IPHONEOS_DEPLOYMENT_TARGET = 17.2;
				LOCALIZATION_PREFERS_STRING_CATALOGS = YES;
				MTL_ENABLE_DEBUG_INFO = INCLUDE_SOURCE;
				MTL_FAST_MATH = YES;
				ONLY_ACTIVE_ARCH = YES;
				SDKROOT = iphoneos;
				SWIFT_ACTIVE_COMPILATION_CONDITIONS = "DEBUG $(inherited)";
				SWIFT_OPTIMIZATION_LEVEL = "-Onone";
			};
			name = Debug;
		};
		4513D5502B84579D00C67976 /* Release */ = {
			isa = XCBuildConfiguration;
			buildSettings = {
				ALWAYS_SEARCH_USER_PATHS = NO;
				ASSETCATALOG_COMPILER_GENERATE_SWIFT_ASSET_SYMBOL_EXTENSIONS = YES;
				CLANG_ANALYZER_NONNULL = YES;
				CLANG_ANALYZER_NUMBER_OBJECT_CONVERSION = YES_AGGRESSIVE;
				CLANG_CXX_LANGUAGE_STANDARD = "gnu++20";
				CLANG_ENABLE_MODULES = YES;
				CLANG_ENABLE_OBJC_ARC = YES;
				CLANG_ENABLE_OBJC_WEAK = YES;
				CLANG_WARN_BLOCK_CAPTURE_AUTORELEASING = YES;
				CLANG_WARN_BOOL_CONVERSION = YES;
				CLANG_WARN_COMMA = YES;
				CLANG_WARN_CONSTANT_CONVERSION = YES;
				CLANG_WARN_DEPRECATED_OBJC_IMPLEMENTATIONS = YES;
				CLANG_WARN_DIRECT_OBJC_ISA_USAGE = YES_ERROR;
				CLANG_WARN_DOCUMENTATION_COMMENTS = YES;
				CLANG_WARN_EMPTY_BODY = YES;
				CLANG_WARN_ENUM_CONVERSION = YES;
				CLANG_WARN_INFINITE_RECURSION = YES;
				CLANG_WARN_INT_CONVERSION = YES;
				CLANG_WARN_NON_LITERAL_NULL_CONVERSION = YES;
				CLANG_WARN_OBJC_IMPLICIT_RETAIN_SELF = YES;
				CLANG_WARN_OBJC_LITERAL_CONVERSION = YES;
				CLANG_WARN_OBJC_ROOT_CLASS = YES_ERROR;
				CLANG_WARN_QUOTED_INCLUDE_IN_FRAMEWORK_HEADER = YES;
				CLANG_WARN_RANGE_LOOP_ANALYSIS = YES;
				CLANG_WARN_STRICT_PROTOTYPES = YES;
				CLANG_WARN_SUSPICIOUS_MOVE = YES;
				CLANG_WARN_UNGUARDED_AVAILABILITY = YES_AGGRESSIVE;
				CLANG_WARN_UNREACHABLE_CODE = YES;
				CLANG_WARN__DUPLICATE_METHOD_MATCH = YES;
				COPY_PHASE_STRIP = NO;
				DEBUG_INFORMATION_FORMAT = "dwarf-with-dsym";
				ENABLE_NS_ASSERTIONS = NO;
				ENABLE_STRICT_OBJC_MSGSEND = YES;
				ENABLE_USER_SCRIPT_SANDBOXING = YES;
				GCC_C_LANGUAGE_STANDARD = gnu17;
				GCC_NO_COMMON_BLOCKS = YES;
				GCC_WARN_64_TO_32_BIT_CONVERSION = YES;
				GCC_WARN_ABOUT_RETURN_TYPE = YES_ERROR;
				GCC_WARN_UNDECLARED_SELECTOR = YES;
				GCC_WARN_UNINITIALIZED_AUTOS = YES_AGGRESSIVE;
				GCC_WARN_UNUSED_FUNCTION = YES;
				GCC_WARN_UNUSED_VARIABLE = YES;
				IPHONEOS_DEPLOYMENT_TARGET = 17.2;
				LOCALIZATION_PREFERS_STRING_CATALOGS = YES;
				MTL_ENABLE_DEBUG_INFO = NO;
				MTL_FAST_MATH = YES;
				SDKROOT = iphoneos;
				SWIFT_COMPILATION_MODE = wholemodule;
				VALIDATE_PRODUCT = YES;
			};
			name = Release;
		};
		4513D5522B84579D00C67976 /* Debug */ = {
			isa = XCBuildConfiguration;
			buildSettings = {
				ASSETCATALOG_COMPILER_APPICON_NAME = AppIcon;
				ASSETCATALOG_COMPILER_GLOBAL_ACCENT_COLOR_NAME = AccentColor;
				CODE_SIGN_STYLE = Automatic;
				CURRENT_PROJECT_VERSION = 1;
				DEVELOPMENT_ASSET_PATHS = "\"nike_app/Preview Content\"";
				ENABLE_PREVIEWS = YES;
				GENERATE_INFOPLIST_FILE = YES;
				INFOPLIST_KEY_UIApplicationSceneManifest_Generation = YES;
				INFOPLIST_KEY_UIApplicationSupportsIndirectInputEvents = YES;
				INFOPLIST_KEY_UILaunchScreen_Generation = YES;
				INFOPLIST_KEY_UISupportedInterfaceOrientations_iPad = "UIInterfaceOrientationPortrait UIInterfaceOrientationPortraitUpsideDown UIInterfaceOrientationLandscapeLeft UIInterfaceOrientationLandscapeRight";
				INFOPLIST_KEY_UISupportedInterfaceOrientations_iPhone = "UIInterfaceOrientationPortrait UIInterfaceOrientationLandscapeLeft UIInterfaceOrientationLandscapeRight";
				LD_RUNPATH_SEARCH_PATHS = (
					"$(inherited)",
					"@executable_path/Frameworks",
				);
				MARKETING_VERSION = 1.0;
				PRODUCT_BUNDLE_IDENTIFIER = "kapil.nike-app";
				PRODUCT_NAME = "$(TARGET_NAME)";
				SWIFT_EMIT_LOC_STRINGS = YES;
				SWIFT_VERSION = 5.0;
				TARGETED_DEVICE_FAMILY = "1,2";
			};
			name = Debug;
		};
		4513D5532B84579D00C67976 /* Release */ = {
			isa = XCBuildConfiguration;
			buildSettings = {
				ASSETCATALOG_COMPILER_APPICON_NAME = AppIcon;
				ASSETCATALOG_COMPILER_GLOBAL_ACCENT_COLOR_NAME = AccentColor;
				CODE_SIGN_STYLE = Automatic;
				CURRENT_PROJECT_VERSION = 1;
				DEVELOPMENT_ASSET_PATHS = "\"nike_app/Preview Content\"";
				ENABLE_PREVIEWS = YES;
				GENERATE_INFOPLIST_FILE = YES;
				INFOPLIST_KEY_UIApplicationSceneManifest_Generation = YES;
				INFOPLIST_KEY_UIApplicationSupportsIndirectInputEvents = YES;
				INFOPLIST_KEY_UILaunchScreen_Generation = YES;
				INFOPLIST_KEY_UISupportedInterfaceOrientations_iPad = "UIInterfaceOrientationPortrait UIInterfaceOrientationPortraitUpsideDown UIInterfaceOrientationLandscapeLeft UIInterfaceOrientationLandscapeRight";
				INFOPLIST_KEY_UISupportedInterfaceOrientations_iPhone = "UIInterfaceOrientationPortrait UIInterfaceOrientationLandscapeLeft UIInterfaceOrientationLandscapeRight";
				LD_RUNPATH_SEARCH_PATHS = (
					"$(inherited)",
					"@executable_path/Frameworks",
				);
				MARKETING_VERSION = 1.0;
				PRODUCT_BUNDLE_IDENTIFIER = "kapil.nike-app";
				PRODUCT_NAME = "$(TARGET_NAME)";
				SWIFT_EMIT_LOC_STRINGS = YES;
				SWIFT_VERSION = 5.0;
				TARGETED_DEVICE_FAMILY = "1,2";
			};
			name = Release;
		};
		4513D5552B84579D00C67976 /* Debug */ = {
			isa = XCBuildConfiguration;
			buildSettings = {
				ALWAYS_EMBED_SWIFT_STANDARD_LIBRARIES = YES;
				BUNDLE_LOADER = "$(TEST_HOST)";
				CODE_SIGN_STYLE = Automatic;
				CURRENT_PROJECT_VERSION = 1;
				GENERATE_INFOPLIST_FILE = YES;
				IPHONEOS_DEPLOYMENT_TARGET = 17.2;
				MARKETING_VERSION = 1.0;
				PRODUCT_BUNDLE_IDENTIFIER = "kapil.nike-appTests";
				PRODUCT_NAME = "$(TARGET_NAME)";
				SWIFT_EMIT_LOC_STRINGS = NO;
				SWIFT_VERSION = 5.0;
				TARGETED_DEVICE_FAMILY = "1,2";
				TEST_HOST = "$(BUILT_PRODUCTS_DIR)/nike_app.app/$(BUNDLE_EXECUTABLE_FOLDER_PATH)/nike_app";
			};
			name = Debug;
		};
		4513D5562B84579D00C67976 /* Release */ = {
			isa = XCBuildConfiguration;
			buildSettings = {
				ALWAYS_EMBED_SWIFT_STANDARD_LIBRARIES = YES;
				BUNDLE_LOADER = "$(TEST_HOST)";
				CODE_SIGN_STYLE = Automatic;
				CURRENT_PROJECT_VERSION = 1;
				GENERATE_INFOPLIST_FILE = YES;
				IPHONEOS_DEPLOYMENT_TARGET = 17.2;
				MARKETING_VERSION = 1.0;
				PRODUCT_BUNDLE_IDENTIFIER = "kapil.nike-appTests";
				PRODUCT_NAME = "$(TARGET_NAME)";
				SWIFT_EMIT_LOC_STRINGS = NO;
				SWIFT_VERSION = 5.0;
				TARGETED_DEVICE_FAMILY = "1,2";
				TEST_HOST = "$(BUILT_PRODUCTS_DIR)/nike_app.app/$(BUNDLE_EXECUTABLE_FOLDER_PATH)/nike_app";
			};
			name = Release;
		};
		4513D5582B84579D00C67976 /* Debug */ = {
			isa = XCBuildConfiguration;
			buildSettings = {
				ALWAYS_EMBED_SWIFT_STANDARD_LIBRARIES = YES;
				CODE_SIGN_STYLE = Automatic;
				CURRENT_PROJECT_VERSION = 1;
				GENERATE_INFOPLIST_FILE = YES;
				MARKETING_VERSION = 1.0;
				PRODUCT_BUNDLE_IDENTIFIER = "kapil.nike-appUITests";
				PRODUCT_NAME = "$(TARGET_NAME)";
				SWIFT_EMIT_LOC_STRINGS = NO;
				SWIFT_VERSION = 5.0;
				TARGETED_DEVICE_FAMILY = "1,2";
				TEST_TARGET_NAME = nike_app;
			};
			name = Debug;
		};
		4513D5592B84579D00C67976 /* Release */ = {
			isa = XCBuildConfiguration;
			buildSettings = {
				ALWAYS_EMBED_SWIFT_STANDARD_LIBRARIES = YES;
				CODE_SIGN_STYLE = Automatic;
				CURRENT_PROJECT_VERSION = 1;
				GENERATE_INFOPLIST_FILE = YES;
				MARKETING_VERSION = 1.0;
				PRODUCT_BUNDLE_IDENTIFIER = "kapil.nike-appUITests";
				PRODUCT_NAME = "$(TARGET_NAME)";
				SWIFT_EMIT_LOC_STRINGS = NO;
				SWIFT_VERSION = 5.0;
				TARGETED_DEVICE_FAMILY = "1,2";
				TEST_TARGET_NAME = nike_app;
			};
			name = Release;
		};
/* End XCBuildConfiguration section */

/* Begin XCConfigurationList section */
		4513D5282B84579C00C67976 /* Build configuration list for PBXProject "nike_app" */ = {
			isa = XCConfigurationList;
			buildConfigurations = (
				4513D54F2B84579D00C67976 /* Debug */,
				4513D5502B84579D00C67976 /* Release */,
			);
			defaultConfigurationIsVisible = 0;
			defaultConfigurationName = Release;
		};
		4513D5512B84579D00C67976 /* Build configuration list for PBXNativeTarget "nike_app" */ = {
			isa = XCConfigurationList;
			buildConfigurations = (
				4513D5522B84579D00C67976 /* Debug */,
				4513D5532B84579D00C67976 /* Release */,
			);
			defaultConfigurationIsVisible = 0;
			defaultConfigurationName = Release;
		};
		4513D5542B84579D00C67976 /* Build configuration list for PBXNativeTarget "nike_appTests" */ = {
			isa = XCConfigurationList;
			buildConfigurations = (
				4513D5552B84579D00C67976 /* Debug */,
				4513D5562B84579D00C67976 /* Release */,
			);
			defaultConfigurationIsVisible = 0;
			defaultConfigurationName = Release;
		};
		4513D5572B84579D00C67976 /* Build configuration list for PBXNativeTarget "nike_appUITests" */ = {
			isa = XCConfigurationList;
			buildConfigurations = (
				4513D5582B84579D00C67976 /* Debug */,
				4513D5592B84579D00C67976 /* Release */,
			);
			defaultConfigurationIsVisible = 0;
			defaultConfigurationName = Release;
		};
/* End XCConfigurationList section */
	};
	rootObject = 4513D5252B84579C00C67976 /* Project object */;
}
